
Microsoft Visual Studio Solution File, Format Version 12.00
# Visual Studio Version 16
VisualStudioVersion = 16.0.31105.61
MinimumVisualStudioVersion = 10.0.40219.1
Project("{9A19103F-16F7-4668-BE54-9A1E7A4F7556}") = "Wooja Inventory Manager", "Wooja Inventory Manager\Wooja Inventory Manager.csproj", "{7B118416-6238-4D7F-8CE0-DB905284C19F}"
EndProject
Global
	GlobalSection(SolutionConfigurationPlatforms) = preSolution
		Debug|Any CPU = Debug|Any CPU
		Release|Any CPU = Release|Any CPU
	EndGlobalSection
	GlobalSection(ProjectConfigurationPlatforms) = postSolution
		{7B118416-6238-4D7F-8CE0-DB905284C19F}.Debug|Any CPU.ActiveCfg = Debug|Any CPU
		{7B118416-6238-4D7F-8CE0-DB905284C19F}.Debug|Any CPU.Build.0 = Debug|Any CPU
		{7B118416-6238-4D7F-8CE0-DB905284C19F}.Release|Any CPU.ActiveCfg = Release|Any CPU
		{7B118416-6238-4D7F-8CE0-DB905284C19F}.Release|Any CPU.Build.0 = Release|Any CPU
	EndGlobalSection
	GlobalSection(SolutionProperties) = preSolution
		HideSolutionNode = FALSE
	EndGlobalSection
	GlobalSection(ExtensibilityGlobals) = postSolution
		SolutionGuid = {ED4981B6-90F4-402C-9472-F02105B1B7DC}
	EndGlobalSection
EndGlobal
